
Microsoft Visual Studio Solution File, Format Version 12.00
# Visual Studio Version 16
VisualStudioVersion = 16.0.30523.141
MinimumVisualStudioVersion = 10.0.40219.1
Project("{FAE04EC0-301F-11D3-BF4B-00C04F79EFBC}") = "Moldovan_Sonia_Lab5", "Moldovan_Sonia_Lab5\Moldovan_Sonia_Lab5.csproj", "{206CB367-3BCB-4552-84DB-6924127ACC48}"
EndProject
Global
	GlobalSection(SolutionConfigurationPlatforms) = preSolution
		Debug|Any CPU = Debug|Any CPU
		Release|Any CPU = Release|Any CPU
	EndGlobalSection
	GlobalSection(ProjectConfigurationPlatforms) = postSolution
		{206CB367-3BCB-4552-84DB-6924127ACC48}.Debug|Any CPU.ActiveCfg = Debug|Any CPU
		{206CB367-3BCB-4552-84DB-6924127ACC48}.Debug|Any CPU.Build.0 = Debug|Any CPU
		{206CB367-3BCB-4552-84DB-6924127ACC48}.Release|Any CPU.ActiveCfg = Release|Any CPU
		{206CB367-3BCB-4552-84DB-6924127ACC48}.Release|Any CPU.Build.0 = Release|Any CPU
	EndGlobalSection
	GlobalSection(SolutionProperties) = preSolution
		HideSolutionNode = FALSE
	EndGlobalSection
	GlobalSection(ExtensibilityGlobals) = postSolution
		SolutionGuid = {FFB332D5-B7C9-47A8-B130-CC8ECDFDE8E2}
	EndGlobalSection
EndGlobal
